
Microsoft Visual Studio Solution File, Format Version 12.00
# Visual Studio 15
VisualStudioVersion = 15.0.28010.2041
MinimumVisualStudioVersion = 10.0.40219.1
Project("{FAE04EC0-301F-11D3-BF4B-00C04F79EFBC}") = "RadiationCounterAPI", "RadiationCounterAPI\RadiationCounterAPI.csproj", "{3AE8A18D-3604-45FD-906B-AFADC9465C02}"
EndProject
Global
	GlobalSection(SolutionConfigurationPlatforms) = preSolution
		Debug|Any CPU = Debug|Any CPU
		Release|Any CPU = Release|Any CPU
	EndGlobalSection
	GlobalSection(ProjectConfigurationPlatforms) = postSolution
		{3AE8A18D-3604-45FD-906B-AFADC9465C02}.Debug|Any CPU.ActiveCfg = Debug|Any CPU
		{3AE8A18D-3604-45FD-906B-AFADC9465C02}.Debug|Any CPU.Build.0 = Debug|Any CPU
		{3AE8A18D-3604-45FD-906B-AFADC9465C02}.Release|Any CPU.ActiveCfg = Release|Any CPU
		{3AE8A18D-3604-45FD-906B-AFADC9465C02}.Release|Any CPU.Build.0 = Release|Any CPU
	EndGlobalSection
	GlobalSection(SolutionProperties) = preSolution
		HideSolutionNode = FALSE
	EndGlobalSection
	GlobalSection(ExtensibilityGlobals) = postSolution
		SolutionGuid = {F18E8AD9-E357-413D-B22E-32ADA50715F2}
	EndGlobalSection
EndGlobal
